{
  "name": "pure_prettier_study",
  "version": "1.0.0",
  "lockfileVersion": 1,
  "requires": true,
  "dependencies": {
    "prettier": {
      "version": "1.18.2",
      "resolved": "http://artifactory.intra.xiaojukeji.com:80/artifactory/api/npm/npm/prettier/download/prettier-1.18.2.tgz",
      "integrity": "sha1-aCPnxZAAF7S9Os9G/prEtNe9qeo=",
      "dev": true
    }
  }
}
